
Microsoft Visual Studio Solution File, Format Version 12.00
# Visual Studio 14
VisualStudioVersion = 14.0.23107.0
MinimumVisualStudioVersion = 10.0.40219.1
Project("{FAE04EC0-301F-11D3-BF4B-00C04F79EFBC}") = "ae3210-LitJump", "ae3210-LitJump\ae3210-LitJump.csproj", "{FD3B14AB-4FD1-4C70-BC8C-1CFCD40B8D1D}"
EndProject
Global
	GlobalSection(SolutionConfigurationPlatforms) = preSolution
		Debug|x86 = Debug|x86
		Release|x86 = Release|x86
	EndGlobalSection
	GlobalSection(ProjectConfigurationPlatforms) = postSolution
		{FD3B14AB-4FD1-4C70-BC8C-1CFCD40B8D1D}.Debug|x86.ActiveCfg = Debug|x86
		{FD3B14AB-4FD1-4C70-BC8C-1CFCD40B8D1D}.Debug|x86.Build.0 = Debug|x86
		{FD3B14AB-4FD1-4C70-BC8C-1CFCD40B8D1D}.Release|x86.ActiveCfg = Release|x86
		{FD3B14AB-4FD1-4C70-BC8C-1CFCD40B8D1D}.Release|x86.Build.0 = Release|x86
	EndGlobalSection
	GlobalSection(SolutionProperties) = preSolution
		HideSolutionNode = FALSE
	EndGlobalSection
EndGlobal
